// !$*UTF8*$!
{
	archiveVersion = 1;
	classes = {
	};
	objectVersion = 56;
	objects = {

/* Begin PBXBuildFile section */
		2B700C912B1F448900BF8903 /* ResultView.swift in Sources */ = {isa = PBXBuildFile; fileRef = 2B700C902B1F448900BF8903 /* ResultView.swift */; };
		2B700C932B1F449C00BF8903 /* ResultViewController.swift in Sources */ = {isa = PBXBuildFile; fileRef = 2B700C922B1F449C00BF8903 /* ResultViewController.swift */; };
		2B89BB392B1E08EE0025BF6C /* AppDelegate.swift in Sources */ = {isa = PBXBuildFile; fileRef = 2B89BB382B1E08EE0025BF6C /* AppDelegate.swift */; };
		2B89BB3B2B1E08EE0025BF6C /* SceneDelegate.swift in Sources */ = {isa = PBXBuildFile; fileRef = 2B89BB3A2B1E08EE0025BF6C /* SceneDelegate.swift */; };
		2B89BB3D2B1E08EE0025BF6C /* CalculateViewController.swift in Sources */ = {isa = PBXBuildFile; fileRef = 2B89BB3C2B1E08EE0025BF6C /* CalculateViewController.swift */; };
		2B89BB422B1E08F00025BF6C /* Assets.xcassets in Resources */ = {isa = PBXBuildFile; fileRef = 2B89BB412B1E08F00025BF6C /* Assets.xcassets */; };
		2B89BB452B1E08F00025BF6C /* LaunchScreen.storyboard in Resources */ = {isa = PBXBuildFile; fileRef = 2B89BB432B1E08F00025BF6C /* LaunchScreen.storyboard */; };
		2B89BB4D2B1E09480025BF6C /* CalculateView.swift in Sources */ = {isa = PBXBuildFile; fileRef = 2B89BB4C2B1E09480025BF6C /* CalculateView.swift */; };
		2B89BB4F2B1E2E1C0025BF6C /* CalculateViewModel.swift in Sources */ = {isa = PBXBuildFile; fileRef = 2B89BB4E2B1E2E1C0025BF6C /* CalculateViewModel.swift */; };
/* End PBXBuildFile section */

/* Begin PBXFileReference section */
		2B700C902B1F448900BF8903 /* ResultView.swift */ = {isa = PBXFileReference; lastKnownFileType = sourcecode.swift; path = ResultView.swift; sourceTree = "<group>"; };
		2B700C922B1F449C00BF8903 /* ResultViewController.swift */ = {isa = PBXFileReference; lastKnownFileType = sourcecode.swift; path = ResultViewController.swift; sourceTree = "<group>"; };
		2B89BB352B1E08EE0025BF6C /* calculator-for-tips.app */ = {isa = PBXFileReference; explicitFileType = wrapper.application; includeInIndex = 0; path = "calculator-for-tips.app"; sourceTree = BUILT_PRODUCTS_DIR; };
		2B89BB382B1E08EE0025BF6C /* AppDelegate.swift */ = {isa = PBXFileReference; lastKnownFileType = sourcecode.swift; path = AppDelegate.swift; sourceTree = "<group>"; };
		2B89BB3A2B1E08EE0025BF6C /* SceneDelegate.swift */ = {isa = PBXFileReference; lastKnownFileType = sourcecode.swift; path = SceneDelegate.swift; sourceTree = "<group>"; };
		2B89BB3C2B1E08EE0025BF6C /* CalculateViewController.swift */ = {isa = PBXFileReference; lastKnownFileType = sourcecode.swift; path = CalculateViewController.swift; sourceTree = "<group>"; };
		2B89BB412B1E08F00025BF6C /* Assets.xcassets */ = {isa = PBXFileReference; lastKnownFileType = folder.assetcatalog; path = Assets.xcassets; sourceTree = "<group>"; };
		2B89BB442B1E08F00025BF6C /* Base */ = {isa = PBXFileReference; lastKnownFileType = file.storyboard; name = Base; path = Base.lproj/LaunchScreen.storyboard; sourceTree = "<group>"; };
		2B89BB462B1E08F00025BF6C /* Info.plist */ = {isa = PBXFileReference; lastKnownFileType = text.plist.xml; path = Info.plist; sourceTree = "<group>"; };
		2B89BB4C2B1E09480025BF6C /* CalculateView.swift */ = {isa = PBXFileReference; lastKnownFileType = sourcecode.swift; path = CalculateView.swift; sourceTree = "<group>"; };
		2B89BB4E2B1E2E1C0025BF6C /* CalculateViewModel.swift */ = {isa = PBXFileReference; lastKnownFileType = sourcecode.swift; path = CalculateViewModel.swift; sourceTree = "<group>"; };
/* End PBXFileReference section */

/* Begin PBXFrameworksBuildPhase section */
		2B89BB322B1E08EE0025BF6C /* Frameworks */ = {
			isa = PBXFrameworksBuildPhase;
			buildActionMask = 2147483647;
			files = (
			);
			runOnlyForDeploymentPostprocessing = 0;
		};
/* End PBXFrameworksBuildPhase section */

/* Begin PBXGroup section */
		2B700C8D2B1F446200BF8903 /* Calculate */ = {
			isa = PBXGroup;
			children = (
				2B89BB3C2B1E08EE0025BF6C /* CalculateViewController.swift */,
				2B89BB4C2B1E09480025BF6C /* CalculateView.swift */,
				2B89BB4E2B1E2E1C0025BF6C /* CalculateViewModel.swift */,
			);
			path = Calculate;
			sourceTree = "<group>";
		};
		2B700C8E2B1F446F00BF8903 /* Supporting */ = {
			isa = PBXGroup;
			children = (
				2B89BB382B1E08EE0025BF6C /* AppDelegate.swift */,
				2B89BB3A2B1E08EE0025BF6C /* SceneDelegate.swift */,
				2B89BB412B1E08F00025BF6C /* Assets.xcassets */,
				2B89BB432B1E08F00025BF6C /* LaunchScreen.storyboard */,
			);
			path = Supporting;
			sourceTree = "<group>";
		};
		2B700C8F2B1F447D00BF8903 /* Result */ = {
			isa = PBXGroup;
			children = (
				2B700C902B1F448900BF8903 /* ResultView.swift */,
				2B700C922B1F449C00BF8903 /* ResultViewController.swift */,
			);
			path = Result;
			sourceTree = "<group>";
		};
		2B89BB2C2B1E08EE0025BF6C = {
			isa = PBXGroup;
			children = (
				2B89BB372B1E08EE0025BF6C /* calculator-for-tips */,
				2B89BB362B1E08EE0025BF6C /* Products */,
			);
			sourceTree = "<group>";
		};
		2B89BB362B1E08EE0025BF6C /* Products */ = {
			isa = PBXGroup;
			children = (
				2B89BB352B1E08EE0025BF6C /* calculator-for-tips.app */,
			);
			name = Products;
			sourceTree = "<group>";
		};
		2B89BB372B1E08EE0025BF6C /* calculator-for-tips */ = {
			isa = PBXGroup;
			children = (
				2B700C8F2B1F447D00BF8903 /* Result */,
				2B700C8D2B1F446200BF8903 /* Calculate */,
				2B700C8E2B1F446F00BF8903 /* Supporting */,
				2B89BB462B1E08F00025BF6C /* Info.plist */,
			);
			path = "calculator-for-tips";
			sourceTree = "<group>";
		};
/* End PBXGroup section */

/* Begin PBXNativeTarget section */
		2B89BB342B1E08EE0025BF6C /* calculator-for-tips */ = {
			isa = PBXNativeTarget;
			buildConfigurationList = 2B89BB492B1E08F00025BF6C /* Build configuration list for PBXNativeTarget "calculator-for-tips" */;
			buildPhases = (
				2B89BB312B1E08EE0025BF6C /* Sources */,
				2B89BB322B1E08EE0025BF6C /* Frameworks */,
				2B89BB332B1E08EE0025BF6C /* Resources */,
			);
			buildRules = (
			);
			dependencies = (
			);
			name = "calculator-for-tips";
			productName = "calculator-for-tips";
			productReference = 2B89BB352B1E08EE0025BF6C /* calculator-for-tips.app */;
			productType = "com.apple.product-type.application";
		};
/* End PBXNativeTarget section */

/* Begin PBXProject section */
		2B89BB2D2B1E08EE0025BF6C /* Project object */ = {
			isa = PBXProject;
			attributes = {
				BuildIndependentTargetsInParallel = 1;
				LastSwiftUpdateCheck = 1500;
				LastUpgradeCheck = 1500;
				TargetAttributes = {
					2B89BB342B1E08EE0025BF6C = {
						CreatedOnToolsVersion = 15.0.1;
					};
				};
			};
			buildConfigurationList = 2B89BB302B1E08EE0025BF6C /* Build configuration list for PBXProject "calculator-for-tips" */;
			compatibilityVersion = "Xcode 14.0";
			developmentRegion = en;
			hasScannedForEncodings = 0;
			knownRegions = (
				en,
				Base,
			);
			mainGroup = 2B89BB2C2B1E08EE0025BF6C;
			productRefGroup = 2B89BB362B1E08EE0025BF6C /* Products */;
			projectDirPath = "";
			projectRoot = "";
			targets = (
				2B89BB342B1E08EE0025BF6C /* calculator-for-tips */,
			);
		};
/* End PBXProject section */

/* Begin PBXResourcesBuildPhase section */
		2B89BB332B1E08EE0025BF6C /* Resources */ = {
			isa = PBXResourcesBuildPhase;
			buildActionMask = 2147483647;
			files = (
				2B89BB452B1E08F00025BF6C /* LaunchScreen.storyboard in Resources */,
				2B89BB422B1E08F00025BF6C /* Assets.xcassets in Resources */,
			);
			runOnlyForDeploymentPostprocessing = 0;
		};
/* End PBXResourcesBuildPhase section */

/* Begin PBXSourcesBuildPhase section */
		2B89BB312B1E08EE0025BF6C /* Sources */ = {
			isa = PBXSourcesBuildPhase;
			buildActionMask = 2147483647;
			files = (
				2B89BB4F2B1E2E1C0025BF6C /* CalculateViewModel.swift in Sources */,
				2B89BB4D2B1E09480025BF6C /* CalculateView.swift in Sources */,
				2B700C932B1F449C00BF8903 /* ResultViewController.swift in Sources */,
				2B700C912B1F448900BF8903 /* ResultView.swift in Sources */,
				2B89BB3D2B1E08EE0025BF6C /* CalculateViewController.swift in Sources */,
				2B89BB392B1E08EE0025BF6C /* AppDelegate.swift in Sources */,
				2B89BB3B2B1E08EE0025BF6C /* SceneDelegate.swift in Sources */,
			);
			runOnlyForDeploymentPostprocessing = 0;
		};
/* End PBXSourcesBuildPhase section */

/* Begin PBXVariantGroup section */
		2B89BB432B1E08F00025BF6C /* LaunchScreen.storyboard */ = {
			isa = PBXVariantGroup;
			children = (
				2B89BB442B1E08F00025BF6C /* Base */,
			);
			name = LaunchScreen.storyboard;
			sourceTree = "<group>";
		};
/* End PBXVariantGroup section */

/* Begin XCBuildConfiguration section */
		2B89BB472B1E08F00025BF6C /* Debug */ = {
			isa = XCBuildConfiguration;
			buildSettings = {
				ALWAYS_SEARCH_USER_PATHS = NO;
				ASSETCATALOG_COMPILER_GENERATE_SWIFT_ASSET_SYMBOL_EXTENSIONS = YES;
				CLANG_ANALYZER_NONNULL = YES;
				CLANG_ANALYZER_NUMBER_OBJECT_CONVERSION = YES_AGGRESSIVE;
				CLANG_CXX_LANGUAGE_STANDARD = "gnu++20";
				CLANG_ENABLE_MODULES = YES;
				CLANG_ENABLE_OBJC_ARC = YES;
				CLANG_ENABLE_OBJC_WEAK = YES;
				CLANG_WARN_BLOCK_CAPTURE_AUTORELEASING = YES;
				CLANG_WARN_BOOL_CONVERSION = YES;
				CLANG_WARN_COMMA = YES;
				CLANG_WARN_CONSTANT_CONVERSION = YES;
				CLANG_WARN_DEPRECATED_OBJC_IMPLEMENTATIONS = YES;
				CLANG_WARN_DIRECT_OBJC_ISA_USAGE = YES_ERROR;
				CLANG_WARN_DOCUMENTATION_COMMENTS = YES;
				CLANG_WARN_EMPTY_BODY = YES;
				CLANG_WARN_ENUM_CONVERSION = YES;
				CLANG_WARN_INFINITE_RECURSION = YES;
				CLANG_WARN_INT_CONVERSION = YES;
				CLANG_WARN_NON_LITERAL_NULL_CONVERSION = YES;
				CLANG_WARN_OBJC_IMPLICIT_RETAIN_SELF = YES;
				CLANG_WARN_OBJC_LITERAL_CONVERSION = YES;
				CLANG_WARN_OBJC_ROOT_CLASS = YES_ERROR;
				CLANG_WARN_QUOTED_INCLUDE_IN_FRAMEWORK_HEADER = YES;
				CLANG_WARN_RANGE_LOOP_ANALYSIS = YES;
				CLANG_WARN_STRICT_PROTOTYPES = YES;
				CLANG_WARN_SUSPICIOUS_MOVE = YES;
				CLANG_WARN_UNGUARDED_AVAILABILITY = YES_AGGRESSIVE;
				CLANG_WARN_UNREACHABLE_CODE = YES;
				CLANG_WARN__DUPLICATE_METHOD_MATCH = YES;
				COPY_PHASE_STRIP = NO;
				DEBUG_INFORMATION_FORMAT = dwarf;
				ENABLE_STRICT_OBJC_MSGSEND = YES;
				ENABLE_TESTABILITY = YES;
				ENABLE_USER_SCRIPT_SANDBOXING = YES;
				GCC_C_LANGUAGE_STANDARD = gnu17;
				GCC_DYNAMIC_NO_PIC = NO;
				GCC_NO_COMMON_BLOCKS = YES;
				GCC_OPTIMIZATION_LEVEL = 0;
				GCC_PREPROCESSOR_DEFINITIONS = (
					"DEBUG=1",
					"$(inherited)",
				);
				GCC_WARN_64_TO_32_BIT_CONVERSION = YES;
				GCC_WARN_ABOUT_RETURN_TYPE = YES_ERROR;
				GCC_WARN_UNDECLARED_SELECTOR = YES;
				GCC_WARN_UNINITIALIZED_AUTOS = YES_AGGRESSIVE;
				GCC_WARN_UNUSED_FUNCTION = YES;
				GCC_WARN_UNUSED_VARIABLE = YES;
				IPHONEOS_DEPLOYMENT_TARGET = 17.0;
				LOCALIZATION_PREFERS_STRING_CATALOGS = YES;
				MTL_ENABLE_DEBUG_INFO = INCLUDE_SOURCE;
				MTL_FAST_MATH = YES;
				ONLY_ACTIVE_ARCH = YES;
				SDKROOT = iphoneos;
				SWIFT_ACTIVE_COMPILATION_CONDITIONS = "DEBUG $(inherited)";
				SWIFT_OPTIMIZATION_LEVEL = "-Onone";
			};
			name = Debug;
		};
		2B89BB482B1E08F00025BF6C /* Release */ = {
			isa = XCBuildConfiguration;
			buildSettings = {
				ALWAYS_SEARCH_USER_PATHS = NO;
				ASSETCATALOG_COMPILER_GENERATE_SWIFT_ASSET_SYMBOL_EXTENSIONS = YES;
				CLANG_ANALYZER_NONNULL = YES;
				CLANG_ANALYZER_NUMBER_OBJECT_CONVERSION = YES_AGGRESSIVE;
				CLANG_CXX_LANGUAGE_STANDARD = "gnu++20";
				CLANG_ENABLE_MODULES = YES;
				CLANG_ENABLE_OBJC_ARC = YES;
				CLANG_ENABLE_OBJC_WEAK = YES;
				CLANG_WARN_BLOCK_CAPTURE_AUTORELEASING = YES;
				CLANG_WARN_BOOL_CONVERSION = YES;
				CLANG_WARN_COMMA = YES;
				CLANG_WARN_CONSTANT_CONVERSION = YES;
				CLANG_WARN_DEPRECATED_OBJC_IMPLEMENTATIONS = YES;
				CLANG_WARN_DIRECT_OBJC_ISA_USAGE = YES_ERROR;
				CLANG_WARN_DOCUMENTATION_COMMENTS = YES;
				CLANG_WARN_EMPTY_BODY = YES;
				CLANG_WARN_ENUM_CONVERSION = YES;
				CLANG_WARN_INFINITE_RECURSION = YES;
				CLANG_WARN_INT_CONVERSION = YES;
				CLANG_WARN_NON_LITERAL_NULL_CONVERSION = YES;
				CLANG_WARN_OBJC_IMPLICIT_RETAIN_SELF = YES;
				CLANG_WARN_OBJC_LITERAL_CONVERSION = YES;
				CLANG_WARN_OBJC_ROOT_CLASS = YES_ERROR;
				CLANG_WARN_QUOTED_INCLUDE_IN_FRAMEWORK_HEADER = YES;
				CLANG_WARN_RANGE_LOOP_ANALYSIS = YES;
				CLANG_WARN_STRICT_PROTOTYPES = YES;
				CLANG_WARN_SUSPICIOUS_MOVE = YES;
				CLANG_WARN_UNGUARDED_AVAILABILITY = YES_AGGRESSIVE;
				CLANG_WARN_UNREACHABLE_CODE = YES;
				CLANG_WARN__DUPLICATE_METHOD_MATCH = YES;
				COPY_PHASE_STRIP = NO;
				DEBUG_INFORMATION_FORMAT = "dwarf-with-dsym";
				ENABLE_NS_ASSERTIONS = NO;
				ENABLE_STRICT_OBJC_MSGSEND = YES;
				ENABLE_USER_SCRIPT_SANDBOXING = YES;
				GCC_C_LANGUAGE_STANDARD = gnu17;
				GCC_NO_COMMON_BLOCKS = YES;
				GCC_WARN_64_TO_32_BIT_CONVERSION = YES;
				GCC_WARN_ABOUT_RETURN_TYPE = YES_ERROR;
				GCC_WARN_UNDECLARED_SELECTOR = YES;
				GCC_WARN_UNINITIALIZED_AUTOS = YES_AGGRESSIVE;
				GCC_WARN_UNUSED_FUNCTION = YES;
				GCC_WARN_UNUSED_VARIABLE = YES;
				IPHONEOS_DEPLOYMENT_TARGET = 17.0;
				LOCALIZATION_PREFERS_STRING_CATALOGS = YES;
				MTL_ENABLE_DEBUG_INFO = NO;
				MTL_FAST_MATH = YES;
				SDKROOT = iphoneos;
				SWIFT_COMPILATION_MODE = wholemodule;
				VALIDATE_PRODUCT = YES;
			};
			name = Release;
		};
		2B89BB4A2B1E08F00025BF6C /* Debug */ = {
			isa = XCBuildConfiguration;
			buildSettings = {
				ASSETCATALOG_COMPILER_APPICON_NAME = AppIcon;
				ASSETCATALOG_COMPILER_GLOBAL_ACCENT_COLOR_NAME = AccentColor;
				CODE_SIGN_STYLE = Automatic;
				CURRENT_PROJECT_VERSION = 1;
				DEVELOPMENT_TEAM = FH99D278L8;
				GENERATE_INFOPLIST_FILE = YES;
				INFOPLIST_FILE = "calculator-for-tips/Info.plist";
				INFOPLIST_KEY_UIApplicationSupportsIndirectInputEvents = YES;
				INFOPLIST_KEY_UILaunchStoryboardName = LaunchScreen;
				INFOPLIST_KEY_UISupportedInterfaceOrientations = UIInterfaceOrientationPortrait;
				INFOPLIST_KEY_UISupportedInterfaceOrientations_iPad = "UIInterfaceOrientationLandscapeLeft UIInterfaceOrientationLandscapeRight UIInterfaceOrientationPortrait UIInterfaceOrientationPortraitUpsideDown";
				LD_RUNPATH_SEARCH_PATHS = (
					"$(inherited)",
					"@executable_path/Frameworks",
				);
				MARKETING_VERSION = 1.0;
				PRODUCT_BUNDLE_IDENTIFIER = "guilhermebrv.calculator-for-tips";
				PRODUCT_NAME = "$(TARGET_NAME)";
				SUPPORTED_PLATFORMS = "iphoneos iphonesimulator";
				SUPPORTS_MACCATALYST = NO;
				SUPPORTS_MAC_DESIGNED_FOR_IPHONE_IPAD = NO;
				SWIFT_EMIT_LOC_STRINGS = YES;
				SWIFT_VERSION = 5.0;
				TARGETED_DEVICE_FAMILY = 1;
			};
			name = Debug;
		};
		2B89BB4B2B1E08F00025BF6C /* Release */ = {
			isa = XCBuildConfiguration;
			buildSettings = {
				ASSETCATALOG_COMPILER_APPICON_NAME = AppIcon;
				ASSETCATALOG_COMPILER_GLOBAL_ACCENT_COLOR_NAME = AccentColor;
				CODE_SIGN_STYLE = Automatic;
				CURRENT_PROJECT_VERSION = 1;
				DEVELOPMENT_TEAM = FH99D278L8;
				GENERATE_INFOPLIST_FILE = YES;
				INFOPLIST_FILE = "calculator-for-tips/Info.plist";
				INFOPLIST_KEY_UIApplicationSupportsIndirectInputEvents = YES;
				INFOPLIST_KEY_UILaunchStoryboardName = LaunchScreen;
				INFOPLIST_KEY_UISupportedInterfaceOrientations = UIInterfaceOrientationPortrait;
				INFOPLIST_KEY_UISupportedInterfaceOrientations_iPad = "UIInterfaceOrientationLandscapeLeft UIInterfaceOrientationLandscapeRight UIInterfaceOrientationPortrait UIInterfaceOrientationPortraitUpsideDown";
				LD_RUNPATH_SEARCH_PATHS = (
					"$(inherited)",
					"@executable_path/Frameworks",
				);
				MARKETING_VERSION = 1.0;
				PRODUCT_BUNDLE_IDENTIFIER = "guilhermebrv.calculator-for-tips";
				PRODUCT_NAME = "$(TARGET_NAME)";
				SUPPORTED_PLATFORMS = "iphoneos iphonesimulator";
				SUPPORTS_MACCATALYST = NO;
				SUPPORTS_MAC_DESIGNED_FOR_IPHONE_IPAD = NO;
				SWIFT_EMIT_LOC_STRINGS = YES;
				SWIFT_VERSION = 5.0;
				TARGETED_DEVICE_FAMILY = 1;
			};
			name = Release;
		};
/* End XCBuildConfiguration section */

/* Begin XCConfigurationList section */
		2B89BB302B1E08EE0025BF6C /* Build configuration list for PBXProject "calculator-for-tips" */ = {
			isa = XCConfigurationList;
			buildConfigurations = (
				2B89BB472B1E08F00025BF6C /* Debug */,
				2B89BB482B1E08F00025BF6C /* Release */,
			);
			defaultConfigurationIsVisible = 0;
			defaultConfigurationName = Release;
		};
		2B89BB492B1E08F00025BF6C /* Build configuration list for PBXNativeTarget "calculator-for-tips" */ = {
			isa = XCConfigurationList;
			buildConfigurations = (
				2B89BB4A2B1E08F00025BF6C /* Debug */,
				2B89BB4B2B1E08F00025BF6C /* Release */,
			);
			defaultConfigurationIsVisible = 0;
			defaultConfigurationName = Release;
		};
/* End XCConfigurationList section */
	};
	rootObject = 2B89BB2D2B1E08EE0025BF6C /* Project object */;
}
